// !$*UTF8*$!
{
	archiveVersion = 1;
	classes = {
	};
	objectVersion = 55;
	objects = {

/* Begin PBXBuildFile section */
		7D3DFB1528DDF696005A13F3 /* ImagesListCell.swift in Sources */ = {isa = PBXBuildFile; fileRef = 7D3DFB1328DDF696005A13F3 /* ImagesListCell.swift */; };
		7D3DFB1628DDF696005A13F3 /* ImagesListViewController.swift in Sources */ = {isa = PBXBuildFile; fileRef = 7D3DFB1428DDF696005A13F3 /* ImagesListViewController.swift */; };
		7D9CFA4328DDEE7F00D971A7 /* AppDelegate.swift in Sources */ = {isa = PBXBuildFile; fileRef = 7D9CFA4228DDEE7F00D971A7 /* AppDelegate.swift */; };
		7D9CFA4528DDEE7F00D971A7 /* SceneDelegate.swift in Sources */ = {isa = PBXBuildFile; fileRef = 7D9CFA4428DDEE7F00D971A7 /* SceneDelegate.swift */; };
		7D9CFA4A28DDEE7F00D971A7 /* Main.storyboard in Resources */ = {isa = PBXBuildFile; fileRef = 7D9CFA4828DDEE7F00D971A7 /* Main.storyboard */; };
		7D9CFA4C28DDEE8000D971A7 /* Assets.xcassets in Resources */ = {isa = PBXBuildFile; fileRef = 7D9CFA4B28DDEE8000D971A7 /* Assets.xcassets */; };
		7D9CFA4F28DDEE8000D971A7 /* LaunchScreen.storyboard in Resources */ = {isa = PBXBuildFile; fileRef = 7D9CFA4D28DDEE8000D971A7 /* LaunchScreen.storyboard */; };
		8F83109D28E459BD00BA471F /* ProfileViewController.swift in Sources */ = {isa = PBXBuildFile; fileRef = 8F83109C28E459BD00BA471F /* ProfileViewController.swift */; };
		8F8310A028E4D0C300BA471F /* SingleImageViewController.swift in Sources */ = {isa = PBXBuildFile; fileRef = 8F83109F28E4D0C300BA471F /* SingleImageViewController.swift */; };
		D9116F9F2CDA9D66004B1817 /* ProfileImageService.swift in Sources */ = {isa = PBXBuildFile; fileRef = D9116F9E2CDA9D66004B1817 /* ProfileImageService.swift */; };
		D926D3302CEB5BD50090E9B0 /* ImageListPresenterSpy.swift in Sources */ = {isa = PBXBuildFile; fileRef = D926D32F2CEB5BD50090E9B0 /* ImageListPresenterSpy.swift */; };
		D926D3322CEB5BE80090E9B0 /* ImageListViewControllerSpy.swift in Sources */ = {isa = PBXBuildFile; fileRef = D926D3312CEB5BE80090E9B0 /* ImageListViewControllerSpy.swift */; };
		D926D3342CEB5BF90090E9B0 /* ProfilePresenterSpy.swift in Sources */ = {isa = PBXBuildFile; fileRef = D926D3332CEB5BF90090E9B0 /* ProfilePresenterSpy.swift */; };
		D926D3362CEB5C0E0090E9B0 /* ProfileViewControllerSpy.swift in Sources */ = {isa = PBXBuildFile; fileRef = D926D3352CEB5C0E0090E9B0 /* ProfileViewControllerSpy.swift */; };
		D926D3382CEB5C850090E9B0 /* ImageListPresenterTests.swift in Sources */ = {isa = PBXBuildFile; fileRef = D926D3372CEB5C850090E9B0 /* ImageListPresenterTests.swift */; };
		D926D33A2CEB5C960090E9B0 /* ImageListViewControllerTests.swift in Sources */ = {isa = PBXBuildFile; fileRef = D926D3392CEB5C960090E9B0 /* ImageListViewControllerTests.swift */; };
		D926D33C2CEB5CA70090E9B0 /* ProfilePresenterTests.swift in Sources */ = {isa = PBXBuildFile; fileRef = D926D33B2CEB5CA70090E9B0 /* ProfilePresenterTests.swift */; };
		D926D33E2CEB5CBD0090E9B0 /* ProfileViewControllerTests.swift in Sources */ = {isa = PBXBuildFile; fileRef = D926D33D2CEB5CBD0090E9B0 /* ProfileViewControllerTests.swift */; };
		D944F22A2CBD73360078664B /* OAuth2Service.swift in Sources */ = {isa = PBXBuildFile; fileRef = D944F2292CBD73360078664B /* OAuth2Service.swift */; };
		D944F22C2CBD86BA0078664B /* OAuth2TokenStorage.swift in Sources */ = {isa = PBXBuildFile; fileRef = D944F22B2CBD86BA0078664B /* OAuth2TokenStorage.swift */; };
		D944F22E2CBD95040078664B /* SplashViewController.swift in Sources */ = {isa = PBXBuildFile; fileRef = D944F22D2CBD95040078664B /* SplashViewController.swift */; };
		D945AAF12CDA6C460064F1E0 /* UIBlockingProgressHUD.swift in Sources */ = {isa = PBXBuildFile; fileRef = D945AAF02CDA6C460064F1E0 /* UIBlockingProgressHUD.swift */; };
		D945AAF32CDA8D190064F1E0 /* ProfileService.swift in Sources */ = {isa = PBXBuildFile; fileRef = D945AAF22CDA8D190064F1E0 /* ProfileService.swift */; };
		D952C0392C8CBBFC002A1BCC /* Constants.swift in Sources */ = {isa = PBXBuildFile; fileRef = D952C0382C8CBBFC002A1BCC /* Constants.swift */; };
		D952C03B2C90D31B002A1BCC /* AuthViewController.swift in Sources */ = {isa = PBXBuildFile; fileRef = D952C03A2C90D31B002A1BCC /* AuthViewController.swift */; };
		D952C03E2C936116002A1BCC /* WebViewViewController.swift in Sources */ = {isa = PBXBuildFile; fileRef = D952C03D2C936116002A1BCC /* WebViewViewController.swift */; };
		D99B4BBA2CDBB33700E7BC15 /* Kingfisher in Frameworks */ = {isa = PBXBuildFile; productRef = D99B4BB92CDBB33700E7BC15 /* Kingfisher */; };
		D99B4BBD2CDBCB1600E7BC15 /* SwiftKeychainWrapper in Frameworks */ = {isa = PBXBuildFile; productRef = D99B4BBC2CDBCB1600E7BC15 /* SwiftKeychainWrapper */; };
		D99B4BCA2CDCE1AB00E7BC15 /* TabBarController.swift in Sources */ = {isa = PBXBuildFile; fileRef = D99B4BC92CDCE1AA00E7BC15 /* TabBarController.swift */; };
		D9C156262CEA064F00DDDAAE /* AuthConfiguration.swift in Sources */ = {isa = PBXBuildFile; fileRef = D9C156252CEA064F00DDDAAE /* AuthConfiguration.swift */; };
		D9C156282CEA066800DDDAAE /* AuthHelper.swift in Sources */ = {isa = PBXBuildFile; fileRef = D9C156272CEA066800DDDAAE /* AuthHelper.swift */; };
		D9C156302CEA07AD00DDDAAE /* AuthHelperTests.swift in Sources */ = {isa = PBXBuildFile; fileRef = D9C1562F2CEA07AD00DDDAAE /* AuthHelperTests.swift */; };
		D9C156382CEA08B700DDDAAE /* XCTest.framework in Frameworks */ = {isa = PBXBuildFile; fileRef = D9C156372CEA08B600DDDAAE /* XCTest.framework */; platformFilter = ios; };
		D9C1563A2CEA092900DDDAAE /* WebViewViewControllerTests.swift in Sources */ = {isa = PBXBuildFile; fileRef = D9C156392CEA092900DDDAAE /* WebViewViewControllerTests.swift */; };
		D9C1563C2CEA098C00DDDAAE /* MockNavigationAction.swift in Sources */ = {isa = PBXBuildFile; fileRef = D9C1563B2CEA098C00DDDAAE /* MockNavigationAction.swift */; };
		D9C1563E2CEA35FB00DDDAAE /* WebViewPresenter.swift in Sources */ = {isa = PBXBuildFile; fileRef = D9C1563D2CEA35FB00DDDAAE /* WebViewPresenter.swift */; };
		D9C156402CEA3E9900DDDAAE /* WebViewTests.swift in Sources */ = {isa = PBXBuildFile; fileRef = D9C1563F2CEA3E9900DDDAAE /* WebViewTests.swift */; };
		D9C156422CEA42BA00DDDAAE /* WebViewViewControllerSpy.swift in Sources */ = {isa = PBXBuildFile; fileRef = D9C156412CEA42BA00DDDAAE /* WebViewViewControllerSpy.swift */; };
		D9C156442CEA4B3B00DDDAAE /* ProfilePresenter.swift in Sources */ = {isa = PBXBuildFile; fileRef = D9C156432CEA4B3B00DDDAAE /* ProfilePresenter.swift */; };
		D9C156472CEA4C3F00DDDAAE /* ImagesListPresenter.swift in Sources */ = {isa = PBXBuildFile; fileRef = D9C156462CEA4C3F00DDDAAE /* ImagesListPresenter.swift */; };
		D9C27F282CC964DD00EEA336 /* ProgressHUD in Frameworks */ = {isa = PBXBuildFile; productRef = D9C27F272CC964DD00EEA336 /* ProgressHUD */; };
		D9C2F07A2CEBADCA00EF0016 /* ImageFeedUITests.swift in Sources */ = {isa = PBXBuildFile; fileRef = D9C2F0792CEBADCA00EF0016 /* ImageFeedUITests.swift */; };
		D9F5A58D2CE5F8B500A5AC13 /* ProfileLogoutService.swift in Sources */ = {isa = PBXBuildFile; fileRef = D9F5A58C2CE5F8B500A5AC13 /* ProfileLogoutService.swift */; };
		D9F5C4932CE0ABD300CF12D8 /* ImagesListService.swift in Sources */ = {isa = PBXBuildFile; fileRef = D9F5C4922CE0ABD300CF12D8 /* ImagesListService.swift */; };
/* End PBXBuildFile section */

/* Begin PBXContainerItemProxy section */
		D9C156312CEA07AD00DDDAAE /* PBXContainerItemProxy */ = {
			isa = PBXContainerItemProxy;
			containerPortal = 7D9CFA3728DDEE7F00D971A7 /* Project object */;
			proxyType = 1;
			remoteGlobalIDString = 7D9CFA3E28DDEE7F00D971A7;
			remoteInfo = "Image Feed";
		};
		D9C2F07D2CEBADCA00EF0016 /* PBXContainerItemProxy */ = {
			isa = PBXContainerItemProxy;
			containerPortal = 7D9CFA3728DDEE7F00D971A7 /* Project object */;
			proxyType = 1;
			remoteGlobalIDString = 7D9CFA3E28DDEE7F00D971A7;
			remoteInfo = "Image Feed";
		};
/* End PBXContainerItemProxy section */

/* Begin PBXFileReference section */
		7D3DFB1328DDF696005A13F3 /* ImagesListCell.swift */ = {isa = PBXFileReference; fileEncoding = 4; lastKnownFileType = sourcecode.swift; path = ImagesListCell.swift; sourceTree = "<group>"; };
		7D3DFB1428DDF696005A13F3 /* ImagesListViewController.swift */ = {isa = PBXFileReference; fileEncoding = 4; lastKnownFileType = sourcecode.swift; path = ImagesListViewController.swift; sourceTree = "<group>"; };
		7D9CFA3F28DDEE7F00D971A7 /* Image Feed.app */ = {isa = PBXFileReference; explicitFileType = wrapper.application; includeInIndex = 0; path = "Image Feed.app"; sourceTree = BUILT_PRODUCTS_DIR; };
		7D9CFA4228DDEE7F00D971A7 /* AppDelegate.swift */ = {isa = PBXFileReference; lastKnownFileType = sourcecode.swift; path = AppDelegate.swift; sourceTree = "<group>"; };
		7D9CFA4428DDEE7F00D971A7 /* SceneDelegate.swift */ = {isa = PBXFileReference; lastKnownFileType = sourcecode.swift; path = SceneDelegate.swift; sourceTree = "<group>"; };
		7D9CFA4928DDEE7F00D971A7 /* Base */ = {isa = PBXFileReference; lastKnownFileType = file.storyboard; name = Base; path = Base.lproj/Main.storyboard; sourceTree = "<group>"; };
		7D9CFA4B28DDEE8000D971A7 /* Assets.xcassets */ = {isa = PBXFileReference; lastKnownFileType = folder.assetcatalog; path = Assets.xcassets; sourceTree = "<group>"; };
		7D9CFA4E28DDEE8000D971A7 /* Base */ = {isa = PBXFileReference; lastKnownFileType = file.storyboard; name = Base; path = Base.lproj/LaunchScreen.storyboard; sourceTree = "<group>"; };
		7D9CFA5028DDEE8000D971A7 /* Info.plist */ = {isa = PBXFileReference; lastKnownFileType = text.plist.xml; path = Info.plist; sourceTree = "<group>"; };
		8F83109C28E459BD00BA471F /* ProfileViewController.swift */ = {isa = PBXFileReference; lastKnownFileType = sourcecode.swift; path = ProfileViewController.swift; sourceTree = "<group>"; };
		8F83109F28E4D0C300BA471F /* SingleImageViewController.swift */ = {isa = PBXFileReference; lastKnownFileType = sourcecode.swift; path = SingleImageViewController.swift; sourceTree = "<group>"; };
		D9116F9E2CDA9D66004B1817 /* ProfileImageService.swift */ = {isa = PBXFileReference; lastKnownFileType = sourcecode.swift; path = ProfileImageService.swift; sourceTree = "<group>"; };
		D926D32F2CEB5BD50090E9B0 /* ImageListPresenterSpy.swift */ = {isa = PBXFileReference; lastKnownFileType = sourcecode.swift; path = ImageListPresenterSpy.swift; sourceTree = "<group>"; };
		D926D3312CEB5BE80090E9B0 /* ImageListViewControllerSpy.swift */ = {isa = PBXFileReference; lastKnownFileType = sourcecode.swift; path = ImageListViewControllerSpy.swift; sourceTree = "<group>"; };
		D926D3332CEB5BF90090E9B0 /* ProfilePresenterSpy.swift */ = {isa = PBXFileReference; lastKnownFileType = sourcecode.swift; path = ProfilePresenterSpy.swift; sourceTree = "<group>"; };
		D926D3352CEB5C0E0090E9B0 /* ProfileViewControllerSpy.swift */ = {isa = PBXFileReference; lastKnownFileType = sourcecode.swift; path = ProfileViewControllerSpy.swift; sourceTree = "<group>"; };
		D926D3372CEB5C850090E9B0 /* ImageListPresenterTests.swift */ = {isa = PBXFileReference; lastKnownFileType = sourcecode.swift; path = ImageListPresenterTests.swift; sourceTree = "<group>"; };
		D926D3392CEB5C960090E9B0 /* ImageListViewControllerTests.swift */ = {isa = PBXFileReference; lastKnownFileType = sourcecode.swift; path = ImageListViewControllerTests.swift; sourceTree = "<group>"; };
		D926D33B2CEB5CA70090E9B0 /* ProfilePresenterTests.swift */ = {isa = PBXFileReference; lastKnownFileType = sourcecode.swift; path = ProfilePresenterTests.swift; sourceTree = "<group>"; };
		D926D33D2CEB5CBD0090E9B0 /* ProfileViewControllerTests.swift */ = {isa = PBXFileReference; lastKnownFileType = sourcecode.swift; path = ProfileViewControllerTests.swift; sourceTree = "<group>"; };
		D944F2292CBD73360078664B /* OAuth2Service.swift */ = {isa = PBXFileReference; lastKnownFileType = sourcecode.swift; path = OAuth2Service.swift; sourceTree = "<group>"; };
		D944F22B2CBD86BA0078664B /* OAuth2TokenStorage.swift */ = {isa = PBXFileReference; lastKnownFileType = sourcecode.swift; path = OAuth2TokenStorage.swift; sourceTree = "<group>"; };
		D944F22D2CBD95040078664B /* SplashViewController.swift */ = {isa = PBXFileReference; lastKnownFileType = sourcecode.swift; path = SplashViewController.swift; sourceTree = "<group>"; };
		D945AAF02CDA6C460064F1E0 /* UIBlockingProgressHUD.swift */ = {isa = PBXFileReference; lastKnownFileType = sourcecode.swift; path = UIBlockingProgressHUD.swift; sourceTree = "<group>"; };
		D945AAF22CDA8D190064F1E0 /* ProfileService.swift */ = {isa = PBXFileReference; lastKnownFileType = sourcecode.swift; path = ProfileService.swift; sourceTree = "<group>"; };
		D952C0382C8CBBFC002A1BCC /* Constants.swift */ = {isa = PBXFileReference; lastKnownFileType = sourcecode.swift; path = Constants.swift; sourceTree = "<group>"; };
		D952C03A2C90D31B002A1BCC /* AuthViewController.swift */ = {isa = PBXFileReference; lastKnownFileType = sourcecode.swift; path = AuthViewController.swift; sourceTree = "<group>"; };
		D952C03D2C936116002A1BCC /* WebViewViewController.swift */ = {isa = PBXFileReference; lastKnownFileType = sourcecode.swift; path = WebViewViewController.swift; sourceTree = "<group>"; };
		D99B4BC92CDCE1AA00E7BC15 /* TabBarController.swift */ = {isa = PBXFileReference; lastKnownFileType = sourcecode.swift; path = TabBarController.swift; sourceTree = "<group>"; };
		D9C156252CEA064F00DDDAAE /* AuthConfiguration.swift */ = {isa = PBXFileReference; lastKnownFileType = sourcecode.swift; path = AuthConfiguration.swift; sourceTree = "<group>"; };
		D9C156272CEA066800DDDAAE /* AuthHelper.swift */ = {isa = PBXFileReference; lastKnownFileType = sourcecode.swift; path = AuthHelper.swift; sourceTree = "<group>"; };
		D9C1562D2CEA07AD00DDDAAE /* ImageFeedTests.xctest */ = {isa = PBXFileReference; explicitFileType = wrapper.cfbundle; includeInIndex = 0; path = ImageFeedTests.xctest; sourceTree = BUILT_PRODUCTS_DIR; };
		D9C1562F2CEA07AD00DDDAAE /* AuthHelperTests.swift */ = {isa = PBXFileReference; lastKnownFileType = sourcecode.swift; path = AuthHelperTests.swift; sourceTree = "<group>"; };
		D9C156372CEA08B600DDDAAE /* XCTest.framework */ = {isa = PBXFileReference; lastKnownFileType = wrapper.framework; name = XCTest.framework; path = Platforms/iPhoneOS.platform/Developer/Library/Frameworks/XCTest.framework; sourceTree = DEVELOPER_DIR; };
		D9C156392CEA092900DDDAAE /* WebViewViewControllerTests.swift */ = {isa = PBXFileReference; lastKnownFileType = sourcecode.swift; path = WebViewViewControllerTests.swift; sourceTree = "<group>"; };
		D9C1563B2CEA098C00DDDAAE /* MockNavigationAction.swift */ = {isa = PBXFileReference; lastKnownFileType = sourcecode.swift; path = MockNavigationAction.swift; sourceTree = "<group>"; };
		D9C1563D2CEA35FB00DDDAAE /* WebViewPresenter.swift */ = {isa = PBXFileReference; lastKnownFileType = sourcecode.swift; path = WebViewPresenter.swift; sourceTree = "<group>"; };
		D9C1563F2CEA3E9900DDDAAE /* WebViewTests.swift */ = {isa = PBXFileReference; lastKnownFileType = sourcecode.swift; path = WebViewTests.swift; sourceTree = "<group>"; };
		D9C156412CEA42BA00DDDAAE /* WebViewViewControllerSpy.swift */ = {isa = PBXFileReference; lastKnownFileType = sourcecode.swift; path = WebViewViewControllerSpy.swift; sourceTree = "<group>"; };
		D9C156432CEA4B3B00DDDAAE /* ProfilePresenter.swift */ = {isa = PBXFileReference; lastKnownFileType = sourcecode.swift; path = ProfilePresenter.swift; sourceTree = "<group>"; };
		D9C156462CEA4C3F00DDDAAE /* ImagesListPresenter.swift */ = {isa = PBXFileReference; lastKnownFileType = sourcecode.swift; path = ImagesListPresenter.swift; sourceTree = "<group>"; };
		D9C2F0772CEBADCA00EF0016 /* ImageFeedUITests.xctest */ = {isa = PBXFileReference; explicitFileType = wrapper.cfbundle; includeInIndex = 0; path = ImageFeedUITests.xctest; sourceTree = BUILT_PRODUCTS_DIR; };
		D9C2F0792CEBADCA00EF0016 /* ImageFeedUITests.swift */ = {isa = PBXFileReference; lastKnownFileType = sourcecode.swift; path = ImageFeedUITests.swift; sourceTree = "<group>"; };
		D9F5A58C2CE5F8B500A5AC13 /* ProfileLogoutService.swift */ = {isa = PBXFileReference; lastKnownFileType = sourcecode.swift; path = ProfileLogoutService.swift; sourceTree = "<group>"; };
		D9F5C4922CE0ABD300CF12D8 /* ImagesListService.swift */ = {isa = PBXFileReference; lastKnownFileType = sourcecode.swift; path = ImagesListService.swift; sourceTree = "<group>"; };
/* End PBXFileReference section */

/* Begin PBXFrameworksBuildPhase section */
		7D9CFA3C28DDEE7F00D971A7 /* Frameworks */ = {
			isa = PBXFrameworksBuildPhase;
			buildActionMask = 2147483647;
			files = (
				D99B4BBA2CDBB33700E7BC15 /* Kingfisher in Frameworks */,
				D9C27F282CC964DD00EEA336 /* ProgressHUD in Frameworks */,
				D99B4BBD2CDBCB1600E7BC15 /* SwiftKeychainWrapper in Frameworks */,
			);
			runOnlyForDeploymentPostprocessing = 0;
		};
		D9C1562A2CEA07AD00DDDAAE /* Frameworks */ = {
			isa = PBXFrameworksBuildPhase;
			buildActionMask = 2147483647;
			files = (
				D9C156382CEA08B700DDDAAE /* XCTest.framework in Frameworks */,
			);
			runOnlyForDeploymentPostprocessing = 0;
		};
		D9C2F0742CEBADCA00EF0016 /* Frameworks */ = {
			isa = PBXFrameworksBuildPhase;
			buildActionMask = 2147483647;
			files = (
			);
			runOnlyForDeploymentPostprocessing = 0;
		};
/* End PBXFrameworksBuildPhase section */

/* Begin PBXGroup section */
		7D9CFA3628DDEE7F00D971A7 = {
			isa = PBXGroup;
			children = (
				7D9CFA4128DDEE7F00D971A7 /* Image Feed */,
				D9C1562E2CEA07AD00DDDAAE /* ImageFeedTests */,
				D9C2F0782CEBADCA00EF0016 /* ImageFeedUITests */,
				7D9CFA4028DDEE7F00D971A7 /* Products */,
				D9C156362CEA08AF00DDDAAE /* Frameworks */,
			);
			sourceTree = "<group>";
		};
		7D9CFA4028DDEE7F00D971A7 /* Products */ = {
			isa = PBXGroup;
			children = (
				7D9CFA3F28DDEE7F00D971A7 /* Image Feed.app */,
				D9C1562D2CEA07AD00DDDAAE /* ImageFeedTests.xctest */,
				D9C2F0772CEBADCA00EF0016 /* ImageFeedUITests.xctest */,
			);
			name = Products;
			sourceTree = "<group>";
		};
		7D9CFA4128DDEE7F00D971A7 /* Image Feed */ = {
			isa = PBXGroup;
			children = (
				D99B4BBE2CDCDC2900E7BC15 /* App */,
				D99B4BC82CDCE17800E7BC15 /* MainControllers */,
				D952C03C2C934127002A1BCC /* Auth */,
				8F83109B28E459A800BA471F /* Profile */,
				7D9CFA5A28DDF66900D971A7 /* ImagesList */,
				8F83109E28E4D09B00BA471F /* SingleImageView */,
				D99B4BC72CDCDDDF00E7BC15 /* Resources */,
			);
			path = "Image Feed";
			sourceTree = "<group>";
		};
		7D9CFA5A28DDF66900D971A7 /* ImagesList */ = {
			isa = PBXGroup;
			children = (
				D9C156452CEA4C1A00DDDAAE /* Services */,
				D99B4BC42CDCDD9600E7BC15 /* Controllers */,
				D99B4BC52CDCDDB700E7BC15 /* View */,
			);
			path = ImagesList;
			sourceTree = "<group>";
		};
		8F83109B28E459A800BA471F /* Profile */ = {
			isa = PBXGroup;
			children = (
				D99B4BC32CDCDCB500E7BC15 /* Controllers */,
				D99B4BC22CDCDCA200E7BC15 /* Services */,
			);
			path = Profile;
			sourceTree = "<group>";
		};
		8F83109E28E4D09B00BA471F /* SingleImageView */ = {
			isa = PBXGroup;
			children = (
				D99B4BC62CDCDDCD00E7BC15 /* Controllers */,
			);
			path = SingleImageView;
			sourceTree = "<group>";
		};
		D926D32D2CEB5B2A0090E9B0 /* Spy */ = {
			isa = PBXGroup;
			children = (
				D9C1563B2CEA098C00DDDAAE /* MockNavigationAction.swift */,
				D9C156412CEA42BA00DDDAAE /* WebViewViewControllerSpy.swift */,
				D926D32F2CEB5BD50090E9B0 /* ImageListPresenterSpy.swift */,
				D926D3312CEB5BE80090E9B0 /* ImageListViewControllerSpy.swift */,
				D926D3332CEB5BF90090E9B0 /* ProfilePresenterSpy.swift */,
				D926D3352CEB5C0E0090E9B0 /* ProfileViewControllerSpy.swift */,
			);
			path = Spy;
			sourceTree = "<group>";
		};
		D926D32E2CEB5B3D0090E9B0 /* Tests */ = {
			isa = PBXGroup;
			children = (
				D9C1563F2CEA3E9900DDDAAE /* WebViewTests.swift */,
				D9C156392CEA092900DDDAAE /* WebViewViewControllerTests.swift */,
				D9C1562F2CEA07AD00DDDAAE /* AuthHelperTests.swift */,
				D926D3372CEB5C850090E9B0 /* ImageListPresenterTests.swift */,
				D926D3392CEB5C960090E9B0 /* ImageListViewControllerTests.swift */,
				D926D33B2CEB5CA70090E9B0 /* ProfilePresenterTests.swift */,
				D926D33D2CEB5CBD0090E9B0 /* ProfileViewControllerTests.swift */,
			);
			path = Tests;
			sourceTree = "<group>";
		};
		D952C03C2C934127002A1BCC /* Auth */ = {
			isa = PBXGroup;
			children = (
				D9C1563D2CEA35FB00DDDAAE /* WebViewPresenter.swift */,
				D99B4BBF2CDCDC5400E7BC15 /* Controllers */,
				D99B4BC12CDCDC8800E7BC15 /* Services */,
				D99B4BC02CDCDC7000E7BC15 /* UI */,
			);
			path = Auth;
			sourceTree = "<group>";
		};
		D99B4BBE2CDCDC2900E7BC15 /* App */ = {
			isa = PBXGroup;
			children = (
				7D9CFA4228DDEE7F00D971A7 /* AppDelegate.swift */,
				D952C0382C8CBBFC002A1BCC /* Constants.swift */,
				7D9CFA4428DDEE7F00D971A7 /* SceneDelegate.swift */,
			);
			path = App;
			sourceTree = "<group>";
		};
		D99B4BBF2CDCDC5400E7BC15 /* Controllers */ = {
			isa = PBXGroup;
			children = (
				D944F22D2CBD95040078664B /* SplashViewController.swift */,
				D952C03A2C90D31B002A1BCC /* AuthViewController.swift */,
				D952C03D2C936116002A1BCC /* WebViewViewController.swift */,
			);
			path = Controllers;
			sourceTree = "<group>";
		};
		D99B4BC02CDCDC7000E7BC15 /* UI */ = {
			isa = PBXGroup;
			children = (
				D945AAF02CDA6C460064F1E0 /* UIBlockingProgressHUD.swift */,
			);
			path = UI;
			sourceTree = "<group>";
		};
		D99B4BC12CDCDC8800E7BC15 /* Services */ = {
			isa = PBXGroup;
			children = (
				D944F22B2CBD86BA0078664B /* OAuth2TokenStorage.swift */,
				D944F2292CBD73360078664B /* OAuth2Service.swift */,
				D9C156252CEA064F00DDDAAE /* AuthConfiguration.swift */,
				D9C156272CEA066800DDDAAE /* AuthHelper.swift */,
			);
			path = Services;
			sourceTree = "<group>";
		};
		D99B4BC22CDCDCA200E7BC15 /* Services */ = {
			isa = PBXGroup;
			children = (
				D9116F9E2CDA9D66004B1817 /* ProfileImageService.swift */,
				D945AAF22CDA8D190064F1E0 /* ProfileService.swift */,
				D9F5A58C2CE5F8B500A5AC13 /* ProfileLogoutService.swift */,
				D9C156432CEA4B3B00DDDAAE /* ProfilePresenter.swift */,
			);
			path = Services;
			sourceTree = "<group>";
		};
		D99B4BC32CDCDCB500E7BC15 /* Controllers */ = {
			isa = PBXGroup;
			children = (
				8F83109C28E459BD00BA471F /* ProfileViewController.swift */,
			);
			path = Controllers;
			sourceTree = "<group>";
		};
		D99B4BC42CDCDD9600E7BC15 /* Controllers */ = {
			isa = PBXGroup;
			children = (
				7D3DFB1428DDF696005A13F3 /* ImagesListViewController.swift */,
			);
			path = Controllers;
			sourceTree = "<group>";
		};
		D99B4BC52CDCDDB700E7BC15 /* View */ = {
			isa = PBXGroup;
			children = (
				D9F5C4922CE0ABD300CF12D8 /* ImagesListService.swift */,
				7D3DFB1328DDF696005A13F3 /* ImagesListCell.swift */,
			);
			path = View;
			sourceTree = "<group>";
		};
		D99B4BC62CDCDDCD00E7BC15 /* Controllers */ = {
			isa = PBXGroup;
			children = (
				8F83109F28E4D0C300BA471F /* SingleImageViewController.swift */,
			);
			path = Controllers;
			sourceTree = "<group>";
		};
		D99B4BC72CDCDDDF00E7BC15 /* Resources */ = {
			isa = PBXGroup;
			children = (
				7D9CFA5028DDEE8000D971A7 /* Info.plist */,
				7D9CFA4828DDEE7F00D971A7 /* Main.storyboard */,
				7D9CFA4B28DDEE8000D971A7 /* Assets.xcassets */,
				7D9CFA4D28DDEE8000D971A7 /* LaunchScreen.storyboard */,
			);
			path = Resources;
			sourceTree = "<group>";
		};
		D99B4BC82CDCE17800E7BC15 /* MainControllers */ = {
			isa = PBXGroup;
			children = (
				D99B4BC92CDCE1AA00E7BC15 /* TabBarController.swift */,
			);
			path = MainControllers;
			sourceTree = "<group>";
		};
		D9C1562E2CEA07AD00DDDAAE /* ImageFeedTests */ = {
			isa = PBXGroup;
			children = (
				D926D32D2CEB5B2A0090E9B0 /* Spy */,
				D926D32E2CEB5B3D0090E9B0 /* Tests */,
			);
			path = ImageFeedTests;
			sourceTree = "<group>";
		};
		D9C156362CEA08AF00DDDAAE /* Frameworks */ = {
			isa = PBXGroup;
			children = (
				D9C156372CEA08B600DDDAAE /* XCTest.framework */,
			);
			name = Frameworks;
			sourceTree = "<group>";
		};
		D9C156452CEA4C1A00DDDAAE /* Services */ = {
			isa = PBXGroup;
			children = (
				D9C156462CEA4C3F00DDDAAE /* ImagesListPresenter.swift */,
			);
			path = Services;
			sourceTree = "<group>";
		};
		D9C2F0782CEBADCA00EF0016 /* ImageFeedUITests */ = {
			isa = PBXGroup;
			children = (
				D9C2F0792CEBADCA00EF0016 /* ImageFeedUITests.swift */,
			);
			path = ImageFeedUITests;
			sourceTree = "<group>";
		};
/* End PBXGroup section */

/* Begin PBXNativeTarget section */
		7D9CFA3E28DDEE7F00D971A7 /* Image Feed */ = {
			isa = PBXNativeTarget;
			buildConfigurationList = 7D9CFA5328DDEE8000D971A7 /* Build configuration list for PBXNativeTarget "Image Feed" */;
			buildPhases = (
				7D9CFA3B28DDEE7F00D971A7 /* Sources */,
				7D9CFA3C28DDEE7F00D971A7 /* Frameworks */,
				7D9CFA3D28DDEE7F00D971A7 /* Resources */,
			);
			buildRules = (
			);
			dependencies = (
			);
			name = "Image Feed";
			packageProductDependencies = (
				D9C27F272CC964DD00EEA336 /* ProgressHUD */,
				D99B4BB92CDBB33700E7BC15 /* Kingfisher */,
				D99B4BBC2CDBCB1600E7BC15 /* SwiftKeychainWrapper */,
			);
			productName = "Image Feed";
			productReference = 7D9CFA3F28DDEE7F00D971A7 /* Image Feed.app */;
			productType = "com.apple.product-type.application";
		};
		D9C1562C2CEA07AD00DDDAAE /* ImageFeedTests */ = {
			isa = PBXNativeTarget;
			buildConfigurationList = D9C156332CEA07AD00DDDAAE /* Build configuration list for PBXNativeTarget "ImageFeedTests" */;
			buildPhases = (
				D9C156292CEA07AD00DDDAAE /* Sources */,
				D9C1562A2CEA07AD00DDDAAE /* Frameworks */,
				D9C1562B2CEA07AD00DDDAAE /* Resources */,
			);
			buildRules = (
			);
			dependencies = (
				D9C156322CEA07AD00DDDAAE /* PBXTargetDependency */,
			);
			name = ImageFeedTests;
			productName = ImageFeedTests;
			productReference = D9C1562D2CEA07AD00DDDAAE /* ImageFeedTests.xctest */;
			productType = "com.apple.product-type.bundle.unit-test";
		};
		D9C2F0762CEBADCA00EF0016 /* ImageFeedUITests */ = {
			isa = PBXNativeTarget;
			buildConfigurationList = D9C2F0812CEBADCA00EF0016 /* Build configuration list for PBXNativeTarget "ImageFeedUITests" */;
			buildPhases = (
				D9C2F0732CEBADCA00EF0016 /* Sources */,
				D9C2F0742CEBADCA00EF0016 /* Frameworks */,
				D9C2F0752CEBADCA00EF0016 /* Resources */,
			);
			buildRules = (
			);
			dependencies = (
				D9C2F07E2CEBADCA00EF0016 /* PBXTargetDependency */,
			);
			name = ImageFeedUITests;
			productName = ImageFeedUITests;
			productReference = D9C2F0772CEBADCA00EF0016 /* ImageFeedUITests.xctest */;
			productType = "com.apple.product-type.bundle.ui-testing";
		};
/* End PBXNativeTarget section */

/* Begin PBXProject section */
		7D9CFA3728DDEE7F00D971A7 /* Project object */ = {
			isa = PBXProject;
			attributes = {
				BuildIndependentTargetsInParallel = 1;
				LastSwiftUpdateCheck = 1540;
				LastUpgradeCheck = 1340;
				TargetAttributes = {
					7D9CFA3E28DDEE7F00D971A7 = {
						CreatedOnToolsVersion = 13.4.1;
					};
					D9C1562C2CEA07AD00DDDAAE = {
						CreatedOnToolsVersion = 15.4;
						TestTargetID = 7D9CFA3E28DDEE7F00D971A7;
					};
					D9C2F0762CEBADCA00EF0016 = {
						CreatedOnToolsVersion = 15.4;
						TestTargetID = 7D9CFA3E28DDEE7F00D971A7;
					};
				};
			};
			buildConfigurationList = 7D9CFA3A28DDEE7F00D971A7 /* Build configuration list for PBXProject "Image Feed" */;
			compatibilityVersion = "Xcode 13.0";
			developmentRegion = en;
			hasScannedForEncodings = 0;
			knownRegions = (
				en,
				Base,
			);
			mainGroup = 7D9CFA3628DDEE7F00D971A7;
			packageReferences = (
				D9C27F262CC964DD00EEA336 /* XCRemoteSwiftPackageReference "ProgressHUD" */,
				D99B4BB82CDBB33700E7BC15 /* XCRemoteSwiftPackageReference "Kingfisher" */,
				D99B4BBB2CDBCB1600E7BC15 /* XCRemoteSwiftPackageReference "SwiftKeychainWrapper" */,
			);
			productRefGroup = 7D9CFA4028DDEE7F00D971A7 /* Products */;
			projectDirPath = "";
			projectRoot = "";
			targets = (
				7D9CFA3E28DDEE7F00D971A7 /* Image Feed */,
				D9C1562C2CEA07AD00DDDAAE /* ImageFeedTests */,
				D9C2F0762CEBADCA00EF0016 /* ImageFeedUITests */,
			);
		};
/* End PBXProject section */

/* Begin PBXResourcesBuildPhase section */
		7D9CFA3D28DDEE7F00D971A7 /* Resources */ = {
			isa = PBXResourcesBuildPhase;
			buildActionMask = 2147483647;
			files = (
				7D9CFA4F28DDEE8000D971A7 /* LaunchScreen.storyboard in Resources */,
				7D9CFA4C28DDEE8000D971A7 /* Assets.xcassets in Resources */,
				7D9CFA4A28DDEE7F00D971A7 /* Main.storyboard in Resources */,
			);
			runOnlyForDeploymentPostprocessing = 0;
		};
		D9C1562B2CEA07AD00DDDAAE /* Resources */ = {
			isa = PBXResourcesBuildPhase;
			buildActionMask = 2147483647;
			files = (
			);
			runOnlyForDeploymentPostprocessing = 0;
		};
		D9C2F0752CEBADCA00EF0016 /* Resources */ = {
			isa = PBXResourcesBuildPhase;
			buildActionMask = 2147483647;
			files = (
			);
			runOnlyForDeploymentPostprocessing = 0;
		};
/* End PBXResourcesBuildPhase section */

/* Begin PBXSourcesBuildPhase section */
		7D9CFA3B28DDEE7F00D971A7 /* Sources */ = {
			isa = PBXSourcesBuildPhase;
			buildActionMask = 2147483647;
			files = (
				D9C156442CEA4B3B00DDDAAE /* ProfilePresenter.swift in Sources */,
				7D9CFA4328DDEE7F00D971A7 /* AppDelegate.swift in Sources */,
				7D9CFA4528DDEE7F00D971A7 /* SceneDelegate.swift in Sources */,
				8F83109D28E459BD00BA471F /* ProfileViewController.swift in Sources */,
				D9F5C4932CE0ABD300CF12D8 /* ImagesListService.swift in Sources */,
				D944F22E2CBD95040078664B /* SplashViewController.swift in Sources */,
				7D3DFB1628DDF696005A13F3 /* ImagesListViewController.swift in Sources */,
				D944F22C2CBD86BA0078664B /* OAuth2TokenStorage.swift in Sources */,
				D9C156472CEA4C3F00DDDAAE /* ImagesListPresenter.swift in Sources */,
				D945AAF12CDA6C460064F1E0 /* UIBlockingProgressHUD.swift in Sources */,
				D952C03B2C90D31B002A1BCC /* AuthViewController.swift in Sources */,
				D952C0392C8CBBFC002A1BCC /* Constants.swift in Sources */,
				8F8310A028E4D0C300BA471F /* SingleImageViewController.swift in Sources */,
				D9F5A58D2CE5F8B500A5AC13 /* ProfileLogoutService.swift in Sources */,
				D952C03E2C936116002A1BCC /* WebViewViewController.swift in Sources */,
				D944F22A2CBD73360078664B /* OAuth2Service.swift in Sources */,
				D9116F9F2CDA9D66004B1817 /* ProfileImageService.swift in Sources */,
				7D3DFB1528DDF696005A13F3 /* ImagesListCell.swift in Sources */,
				D9C1563E2CEA35FB00DDDAAE /* WebViewPresenter.swift in Sources */,
				D945AAF32CDA8D190064F1E0 /* ProfileService.swift in Sources */,
				D9C156282CEA066800DDDAAE /* AuthHelper.swift in Sources */,
				D99B4BCA2CDCE1AB00E7BC15 /* TabBarController.swift in Sources */,
				D9C156262CEA064F00DDDAAE /* AuthConfiguration.swift in Sources */,
			);
			runOnlyForDeploymentPostprocessing = 0;
		};
		D9C156292CEA07AD00DDDAAE /* Sources */ = {
			isa = PBXSourcesBuildPhase;
			buildActionMask = 2147483647;
			files = (
				D9C1563C2CEA098C00DDDAAE /* MockNavigationAction.swift in Sources */,
				D926D3342CEB5BF90090E9B0 /* ProfilePresenterSpy.swift in Sources */,
				D926D3302CEB5BD50090E9B0 /* ImageListPresenterSpy.swift in Sources */,
				D926D33E2CEB5CBD0090E9B0 /* ProfileViewControllerTests.swift in Sources */,
				D9C156422CEA42BA00DDDAAE /* WebViewViewControllerSpy.swift in Sources */,
				D9C156402CEA3E9900DDDAAE /* WebViewTests.swift in Sources */,
				D9C1563A2CEA092900DDDAAE /* WebViewViewControllerTests.swift in Sources */,
				D926D33C2CEB5CA70090E9B0 /* ProfilePresenterTests.swift in Sources */,
				D926D3382CEB5C850090E9B0 /* ImageListPresenterTests.swift in Sources */,
				D9C156302CEA07AD00DDDAAE /* AuthHelperTests.swift in Sources */,
				D926D3322CEB5BE80090E9B0 /* ImageListViewControllerSpy.swift in Sources */,
				D926D33A2CEB5C960090E9B0 /* ImageListViewControllerTests.swift in Sources */,
				D926D3362CEB5C0E0090E9B0 /* ProfileViewControllerSpy.swift in Sources */,
			);
			runOnlyForDeploymentPostprocessing = 0;
		};
		D9C2F0732CEBADCA00EF0016 /* Sources */ = {
			isa = PBXSourcesBuildPhase;
			buildActionMask = 2147483647;
			files = (
				D9C2F07A2CEBADCA00EF0016 /* ImageFeedUITests.swift in Sources */,
			);
			runOnlyForDeploymentPostprocessing = 0;
		};
/* End PBXSourcesBuildPhase section */

/* Begin PBXTargetDependency section */
		D9C156322CEA07AD00DDDAAE /* PBXTargetDependency */ = {
			isa = PBXTargetDependency;
			target = 7D9CFA3E28DDEE7F00D971A7 /* Image Feed */;
			targetProxy = D9C156312CEA07AD00DDDAAE /* PBXContainerItemProxy */;
		};
		D9C2F07E2CEBADCA00EF0016 /* PBXTargetDependency */ = {
			isa = PBXTargetDependency;
			target = 7D9CFA3E28DDEE7F00D971A7 /* Image Feed */;
			targetProxy = D9C2F07D2CEBADCA00EF0016 /* PBXContainerItemProxy */;
		};
/* End PBXTargetDependency section */

/* Begin PBXVariantGroup section */
		7D9CFA4828DDEE7F00D971A7 /* Main.storyboard */ = {
			isa = PBXVariantGroup;
			children = (
				7D9CFA4928DDEE7F00D971A7 /* Base */,
			);
			name = Main.storyboard;
			sourceTree = "<group>";
		};
		7D9CFA4D28DDEE8000D971A7 /* LaunchScreen.storyboard */ = {
			isa = PBXVariantGroup;
			children = (
				7D9CFA4E28DDEE8000D971A7 /* Base */,
			);
			name = LaunchScreen.storyboard;
			sourceTree = "<group>";
		};
/* End PBXVariantGroup section */

/* Begin XCBuildConfiguration section */
		7D9CFA5128DDEE8000D971A7 /* Debug */ = {
			isa = XCBuildConfiguration;
			buildSettings = {
				ALWAYS_SEARCH_USER_PATHS = NO;
				CLANG_ANALYZER_NONNULL = YES;
				CLANG_ANALYZER_NUMBER_OBJECT_CONVERSION = YES_AGGRESSIVE;
				CLANG_CXX_LANGUAGE_STANDARD = "gnu++17";
				CLANG_ENABLE_MODULES = YES;
				CLANG_ENABLE_OBJC_ARC = YES;
				CLANG_ENABLE_OBJC_WEAK = YES;
				CLANG_WARN_BLOCK_CAPTURE_AUTORELEASING = YES;
				CLANG_WARN_BOOL_CONVERSION = YES;
				CLANG_WARN_COMMA = YES;
				CLANG_WARN_CONSTANT_CONVERSION = YES;
				CLANG_WARN_DEPRECATED_OBJC_IMPLEMENTATIONS = YES;
				CLANG_WARN_DIRECT_OBJC_ISA_USAGE = YES_ERROR;
				CLANG_WARN_DOCUMENTATION_COMMENTS = YES;
				CLANG_WARN_EMPTY_BODY = YES;
				CLANG_WARN_ENUM_CONVERSION = YES;
				CLANG_WARN_INFINITE_RECURSION = YES;
				CLANG_WARN_INT_CONVERSION = YES;
				CLANG_WARN_NON_LITERAL_NULL_CONVERSION = YES;
				CLANG_WARN_OBJC_IMPLICIT_RETAIN_SELF = YES;
				CLANG_WARN_OBJC_LITERAL_CONVERSION = YES;
				CLANG_WARN_OBJC_ROOT_CLASS = YES_ERROR;
				CLANG_WARN_QUOTED_INCLUDE_IN_FRAMEWORK_HEADER = YES;
				CLANG_WARN_RANGE_LOOP_ANALYSIS = YES;
				CLANG_WARN_STRICT_PROTOTYPES = YES;
				CLANG_WARN_SUSPICIOUS_MOVE = YES;
				CLANG_WARN_UNGUARDED_AVAILABILITY = YES_AGGRESSIVE;
				CLANG_WARN_UNREACHABLE_CODE = YES;
				CLANG_WARN__DUPLICATE_METHOD_MATCH = YES;
				COPY_PHASE_STRIP = NO;
				DEBUG_INFORMATION_FORMAT = dwarf;
				ENABLE_STRICT_OBJC_MSGSEND = YES;
				ENABLE_TESTABILITY = YES;
				GCC_C_LANGUAGE_STANDARD = gnu11;
				GCC_DYNAMIC_NO_PIC = NO;
				GCC_NO_COMMON_BLOCKS = YES;
				GCC_OPTIMIZATION_LEVEL = 0;
				GCC_PREPROCESSOR_DEFINITIONS = (
					"DEBUG=1",
					"$(inherited)",
				);
				GCC_WARN_64_TO_32_BIT_CONVERSION = YES;
				GCC_WARN_ABOUT_RETURN_TYPE = YES_ERROR;
				GCC_WARN_UNDECLARED_SELECTOR = YES;
				GCC_WARN_UNINITIALIZED_AUTOS = YES_AGGRESSIVE;
				GCC_WARN_UNUSED_FUNCTION = YES;
				GCC_WARN_UNUSED_VARIABLE = YES;
				IPHONEOS_DEPLOYMENT_TARGET = 13.0;
				MTL_ENABLE_DEBUG_INFO = INCLUDE_SOURCE;
				MTL_FAST_MATH = YES;
				ONLY_ACTIVE_ARCH = YES;
				SDKROOT = iphoneos;
				SWIFT_ACTIVE_COMPILATION_CONDITIONS = DEBUG;
				SWIFT_OPTIMIZATION_LEVEL = "-Onone";
			};
			name = Debug;
		};
		7D9CFA5228DDEE8000D971A7 /* Release */ = {
			isa = XCBuildConfiguration;
			buildSettings = {
				ALWAYS_SEARCH_USER_PATHS = NO;
				CLANG_ANALYZER_NONNULL = YES;
				CLANG_ANALYZER_NUMBER_OBJECT_CONVERSION = YES_AGGRESSIVE;
				CLANG_CXX_LANGUAGE_STANDARD = "gnu++17";
				CLANG_ENABLE_MODULES = YES;
				CLANG_ENABLE_OBJC_ARC = YES;
				CLANG_ENABLE_OBJC_WEAK = YES;
				CLANG_WARN_BLOCK_CAPTURE_AUTORELEASING = YES;
				CLANG_WARN_BOOL_CONVERSION = YES;
				CLANG_WARN_COMMA = YES;
				CLANG_WARN_CONSTANT_CONVERSION = YES;
				CLANG_WARN_DEPRECATED_OBJC_IMPLEMENTATIONS = YES;
				CLANG_WARN_DIRECT_OBJC_ISA_USAGE = YES_ERROR;
				CLANG_WARN_DOCUMENTATION_COMMENTS = YES;
				CLANG_WARN_EMPTY_BODY = YES;
				CLANG_WARN_ENUM_CONVERSION = YES;
				CLANG_WARN_INFINITE_RECURSION = YES;
				CLANG_WARN_INT_CONVERSION = YES;
				CLANG_WARN_NON_LITERAL_NULL_CONVERSION = YES;
				CLANG_WARN_OBJC_IMPLICIT_RETAIN_SELF = YES;
				CLANG_WARN_OBJC_LITERAL_CONVERSION = YES;
				CLANG_WARN_OBJC_ROOT_CLASS = YES_ERROR;
				CLANG_WARN_QUOTED_INCLUDE_IN_FRAMEWORK_HEADER = YES;
				CLANG_WARN_RANGE_LOOP_ANALYSIS = YES;
				CLANG_WARN_STRICT_PROTOTYPES = YES;
				CLANG_WARN_SUSPICIOUS_MOVE = YES;
				CLANG_WARN_UNGUARDED_AVAILABILITY = YES_AGGRESSIVE;
				CLANG_WARN_UNREACHABLE_CODE = YES;
				CLANG_WARN__DUPLICATE_METHOD_MATCH = YES;
				COPY_PHASE_STRIP = NO;
				DEBUG_INFORMATION_FORMAT = "dwarf-with-dsym";
				ENABLE_NS_ASSERTIONS = NO;
				ENABLE_STRICT_OBJC_MSGSEND = YES;
				GCC_C_LANGUAGE_STANDARD = gnu11;
				GCC_NO_COMMON_BLOCKS = YES;
				GCC_WARN_64_TO_32_BIT_CONVERSION = YES;
				GCC_WARN_ABOUT_RETURN_TYPE = YES_ERROR;
				GCC_WARN_UNDECLARED_SELECTOR = YES;
				GCC_WARN_UNINITIALIZED_AUTOS = YES_AGGRESSIVE;
				GCC_WARN_UNUSED_FUNCTION = YES;
				GCC_WARN_UNUSED_VARIABLE = YES;
				IPHONEOS_DEPLOYMENT_TARGET = 13.0;
				MTL_ENABLE_DEBUG_INFO = NO;
				MTL_FAST_MATH = YES;
				SDKROOT = iphoneos;
				SWIFT_COMPILATION_MODE = wholemodule;
				SWIFT_OPTIMIZATION_LEVEL = "-O";
				VALIDATE_PRODUCT = YES;
			};
			name = Release;
		};
		7D9CFA5428DDEE8000D971A7 /* Debug */ = {
			isa = XCBuildConfiguration;
			buildSettings = {
				ASSETCATALOG_COMPILER_APPICON_NAME = AppIcon;
				ASSETCATALOG_COMPILER_GLOBAL_ACCENT_COLOR_NAME = AccentColor;
				CODE_SIGN_STYLE = Automatic;
				CURRENT_PROJECT_VERSION = 1;
				DEVELOPMENT_TEAM = "";
				GENERATE_INFOPLIST_FILE = YES;
				INFOPLIST_FILE = "Image Feed/Resources/Info.plist";
				INFOPLIST_KEY_UIApplicationSupportsIndirectInputEvents = YES;
				INFOPLIST_KEY_UILaunchStoryboardName = LaunchScreen;
				INFOPLIST_KEY_UIMainStoryboardFile = Main;
				INFOPLIST_KEY_UISupportedInterfaceOrientations = UIInterfaceOrientationPortrait;
				INFOPLIST_KEY_UISupportedInterfaceOrientations_iPad = "UIInterfaceOrientationPortrait UIInterfaceOrientationPortraitUpsideDown UIInterfaceOrientationLandscapeLeft UIInterfaceOrientationLandscapeRight";
				INFOPLIST_KEY_UISupportedInterfaceOrientations_iPhone = UIInterfaceOrientationPortrait;
				LD_RUNPATH_SEARCH_PATHS = (
					"$(inherited)",
					"@executable_path/Frameworks",
				);
				MARKETING_VERSION = 1.0;
				PRODUCT_BUNDLE_IDENTIFIER = "ru.praktikum.Image-Feed";
				PRODUCT_NAME = "$(TARGET_NAME)";
				SWIFT_EMIT_LOC_STRINGS = YES;
				SWIFT_VERSION = 5.0;
				TARGETED_DEVICE_FAMILY = 1;
			};
			name = Debug;
		};
		7D9CFA5528DDEE8000D971A7 /* Release */ = {
			isa = XCBuildConfiguration;
			buildSettings = {
				ASSETCATALOG_COMPILER_APPICON_NAME = AppIcon;
				ASSETCATALOG_COMPILER_GLOBAL_ACCENT_COLOR_NAME = AccentColor;
				CODE_SIGN_STYLE = Automatic;
				CURRENT_PROJECT_VERSION = 1;
				DEVELOPMENT_TEAM = "";
				GENERATE_INFOPLIST_FILE = YES;
				INFOPLIST_FILE = "Image Feed/Resources/Info.plist";
				INFOPLIST_KEY_UIApplicationSupportsIndirectInputEvents = YES;
				INFOPLIST_KEY_UILaunchStoryboardName = LaunchScreen;
				INFOPLIST_KEY_UIMainStoryboardFile = Main;
				INFOPLIST_KEY_UISupportedInterfaceOrientations = UIInterfaceOrientationPortrait;
				INFOPLIST_KEY_UISupportedInterfaceOrientations_iPad = "UIInterfaceOrientationPortrait UIInterfaceOrientationPortraitUpsideDown UIInterfaceOrientationLandscapeLeft UIInterfaceOrientationLandscapeRight";
				INFOPLIST_KEY_UISupportedInterfaceOrientations_iPhone = UIInterfaceOrientationPortrait;
				LD_RUNPATH_SEARCH_PATHS = (
					"$(inherited)",
					"@executable_path/Frameworks",
				);
				MARKETING_VERSION = 1.0;
				PRODUCT_BUNDLE_IDENTIFIER = "ru.praktikum.Image-Feed";
				PRODUCT_NAME = "$(TARGET_NAME)";
				SWIFT_EMIT_LOC_STRINGS = YES;
				SWIFT_VERSION = 5.0;
				TARGETED_DEVICE_FAMILY = 1;
			};
			name = Release;
		};
		D9C156342CEA07AD00DDDAAE /* Debug */ = {
			isa = XCBuildConfiguration;
			buildSettings = {
				ASSETCATALOG_COMPILER_GENERATE_SWIFT_ASSET_SYMBOL_EXTENSIONS = YES;
				BUNDLE_LOADER = "$(TEST_HOST)";
				CLANG_CXX_LANGUAGE_STANDARD = "gnu++20";
				CODE_SIGN_STYLE = Automatic;
				CURRENT_PROJECT_VERSION = 1;
				DEVELOPMENT_TEAM = X3H344PDRM;
				ENABLE_USER_SCRIPT_SANDBOXING = YES;
				GCC_C_LANGUAGE_STANDARD = gnu17;
				GENERATE_INFOPLIST_FILE = YES;
				IPHONEOS_DEPLOYMENT_TARGET = 17.5;
				LOCALIZATION_PREFERS_STRING_CATALOGS = YES;
				MARKETING_VERSION = 1.0;
				PRODUCT_BUNDLE_IDENTIFIER = ru.petrosienko.nikita.ImageFeedTests;
				PRODUCT_NAME = "$(TARGET_NAME)";
				SWIFT_ACTIVE_COMPILATION_CONDITIONS = "DEBUG $(inherited)";
				SWIFT_EMIT_LOC_STRINGS = NO;
				SWIFT_VERSION = 5.0;
				TARGETED_DEVICE_FAMILY = "1,2";
				TEST_HOST = "$(BUILT_PRODUCTS_DIR)/Image Feed.app/$(BUNDLE_EXECUTABLE_FOLDER_PATH)/Image Feed";
			};
			name = Debug;
		};
		D9C156352CEA07AD00DDDAAE /* Release */ = {
			isa = XCBuildConfiguration;
			buildSettings = {
				ASSETCATALOG_COMPILER_GENERATE_SWIFT_ASSET_SYMBOL_EXTENSIONS = YES;
				BUNDLE_LOADER = "$(TEST_HOST)";
				CLANG_CXX_LANGUAGE_STANDARD = "gnu++20";
				CODE_SIGN_STYLE = Automatic;
				CURRENT_PROJECT_VERSION = 1;
				DEVELOPMENT_TEAM = X3H344PDRM;
				ENABLE_USER_SCRIPT_SANDBOXING = YES;
				GCC_C_LANGUAGE_STANDARD = gnu17;
				GENERATE_INFOPLIST_FILE = YES;
				IPHONEOS_DEPLOYMENT_TARGET = 17.5;
				LOCALIZATION_PREFERS_STRING_CATALOGS = YES;
				MARKETING_VERSION = 1.0;
				PRODUCT_BUNDLE_IDENTIFIER = ru.petrosienko.nikita.ImageFeedTests;
				PRODUCT_NAME = "$(TARGET_NAME)";
				SWIFT_EMIT_LOC_STRINGS = NO;
				SWIFT_VERSION = 5.0;
				TARGETED_DEVICE_FAMILY = "1,2";
				TEST_HOST = "$(BUILT_PRODUCTS_DIR)/Image Feed.app/$(BUNDLE_EXECUTABLE_FOLDER_PATH)/Image Feed";
			};
			name = Release;
		};
		D9C2F07F2CEBADCA00EF0016 /* Debug */ = {
			isa = XCBuildConfiguration;
			buildSettings = {
				ASSETCATALOG_COMPILER_GENERATE_SWIFT_ASSET_SYMBOL_EXTENSIONS = YES;
				CLANG_CXX_LANGUAGE_STANDARD = "gnu++20";
				CODE_SIGN_STYLE = Automatic;
				CURRENT_PROJECT_VERSION = 1;
				DEVELOPMENT_TEAM = X3H344PDRM;
				ENABLE_USER_SCRIPT_SANDBOXING = YES;
				GCC_C_LANGUAGE_STANDARD = gnu17;
				GENERATE_INFOPLIST_FILE = YES;
				IPHONEOS_DEPLOYMENT_TARGET = 17.5;
				LOCALIZATION_PREFERS_STRING_CATALOGS = YES;
				MARKETING_VERSION = 1.0;
				PRODUCT_BUNDLE_IDENTIFIER = ru.petrosienko.nikita.ImageFeedUITests;
				PRODUCT_NAME = "$(TARGET_NAME)";
				SWIFT_ACTIVE_COMPILATION_CONDITIONS = "DEBUG $(inherited)";
				SWIFT_EMIT_LOC_STRINGS = NO;
				SWIFT_VERSION = 5.0;
				TARGETED_DEVICE_FAMILY = "1,2";
				TEST_TARGET_NAME = "Image Feed";
			};
			name = Debug;
		};
		D9C2F0802CEBADCA00EF0016 /* Release */ = {
			isa = XCBuildConfiguration;
			buildSettings = {
				ASSETCATALOG_COMPILER_GENERATE_SWIFT_ASSET_SYMBOL_EXTENSIONS = YES;
				CLANG_CXX_LANGUAGE_STANDARD = "gnu++20";
				CODE_SIGN_STYLE = Automatic;
				CURRENT_PROJECT_VERSION = 1;
				DEVELOPMENT_TEAM = X3H344PDRM;
				ENABLE_USER_SCRIPT_SANDBOXING = YES;
				GCC_C_LANGUAGE_STANDARD = gnu17;
				GENERATE_INFOPLIST_FILE = YES;
				IPHONEOS_DEPLOYMENT_TARGET = 17.5;
				LOCALIZATION_PREFERS_STRING_CATALOGS = YES;
				MARKETING_VERSION = 1.0;
				PRODUCT_BUNDLE_IDENTIFIER = ru.petrosienko.nikita.ImageFeedUITests;
				PRODUCT_NAME = "$(TARGET_NAME)";
				SWIFT_EMIT_LOC_STRINGS = NO;
				SWIFT_VERSION = 5.0;
				TARGETED_DEVICE_FAMILY = "1,2";
				TEST_TARGET_NAME = "Image Feed";
			};
			name = Release;
		};
/* End XCBuildConfiguration section */

/* Begin XCConfigurationList section */
		7D9CFA3A28DDEE7F00D971A7 /* Build configuration list for PBXProject "Image Feed" */ = {
			isa = XCConfigurationList;
			buildConfigurations = (
				7D9CFA5128DDEE8000D971A7 /* Debug */,
				7D9CFA5228DDEE8000D971A7 /* Release */,
			);
			defaultConfigurationIsVisible = 0;
			defaultConfigurationName = Release;
		};
		7D9CFA5328DDEE8000D971A7 /* Build configuration list for PBXNativeTarget "Image Feed" */ = {
			isa = XCConfigurationList;
			buildConfigurations = (
				7D9CFA5428DDEE8000D971A7 /* Debug */,
				7D9CFA5528DDEE8000D971A7 /* Release */,
			);
			defaultConfigurationIsVisible = 0;
			defaultConfigurationName = Release;
		};
		D9C156332CEA07AD00DDDAAE /* Build configuration list for PBXNativeTarget "ImageFeedTests" */ = {
			isa = XCConfigurationList;
			buildConfigurations = (
				D9C156342CEA07AD00DDDAAE /* Debug */,
				D9C156352CEA07AD00DDDAAE /* Release */,
			);
			defaultConfigurationIsVisible = 0;
			defaultConfigurationName = Release;
		};
		D9C2F0812CEBADCA00EF0016 /* Build configuration list for PBXNativeTarget "ImageFeedUITests" */ = {
			isa = XCConfigurationList;
			buildConfigurations = (
				D9C2F07F2CEBADCA00EF0016 /* Debug */,
				D9C2F0802CEBADCA00EF0016 /* Release */,
			);
			defaultConfigurationIsVisible = 0;
			defaultConfigurationName = Release;
		};
/* End XCConfigurationList section */

/* Begin XCRemoteSwiftPackageReference section */
		D99B4BB82CDBB33700E7BC15 /* XCRemoteSwiftPackageReference "Kingfisher" */ = {
			isa = XCRemoteSwiftPackageReference;
			repositoryURL = "https://github.com/onevcat/Kingfisher";
			requirement = {
				kind = upToNextMajorVersion;
				minimumVersion = 8.1.0;
			};
		};
		D99B4BBB2CDBCB1600E7BC15 /* XCRemoteSwiftPackageReference "SwiftKeychainWrapper" */ = {
			isa = XCRemoteSwiftPackageReference;
			repositoryURL = "https://github.com/jrendel/SwiftKeychainWrapper";
			requirement = {
				kind = upToNextMajorVersion;
				minimumVersion = 4.0.1;
			};
		};
		D9C27F262CC964DD00EEA336 /* XCRemoteSwiftPackageReference "ProgressHUD" */ = {
			isa = XCRemoteSwiftPackageReference;
			repositoryURL = "https://github.com/relatedcode/ProgressHUD";
			requirement = {
				kind = upToNextMajorVersion;
				minimumVersion = 14.1.3;
			};
		};
/* End XCRemoteSwiftPackageReference section */

/* Begin XCSwiftPackageProductDependency section */
		D99B4BB92CDBB33700E7BC15 /* Kingfisher */ = {
			isa = XCSwiftPackageProductDependency;
			package = D99B4BB82CDBB33700E7BC15 /* XCRemoteSwiftPackageReference "Kingfisher" */;
			productName = Kingfisher;
		};
		D99B4BBC2CDBCB1600E7BC15 /* SwiftKeychainWrapper */ = {
			isa = XCSwiftPackageProductDependency;
			package = D99B4BBB2CDBCB1600E7BC15 /* XCRemoteSwiftPackageReference "SwiftKeychainWrapper" */;
			productName = SwiftKeychainWrapper;
		};
		D9C27F272CC964DD00EEA336 /* ProgressHUD */ = {
			isa = XCSwiftPackageProductDependency;
			package = D9C27F262CC964DD00EEA336 /* XCRemoteSwiftPackageReference "ProgressHUD" */;
			productName = ProgressHUD;
		};
/* End XCSwiftPackageProductDependency section */
	};
	rootObject = 7D9CFA3728DDEE7F00D971A7 /* Project object */;
}
